
Microsoft Visual Studio Solution File, Format Version 12.00
# Visual Studio Version 16
VisualStudioVersion = 16.0.31624.102
MinimumVisualStudioVersion = 10.0.40219.1
Project("{FAE04EC0-301F-11D3-BF4B-00C04F79EFBC}") = "LineComparisonProb", "LineComparisonProb.csproj", "{00962B71-5C2D-4ADE-BCB2-2DE4F120F7CF}"
EndProject
Global
	GlobalSection(SolutionConfigurationPlatforms) = preSolution
		Debug|Any CPU = Debug|Any CPU
		Release|Any CPU = Release|Any CPU
	EndGlobalSection
	GlobalSection(ProjectConfigurationPlatforms) = postSolution
		{00962B71-5C2D-4ADE-BCB2-2DE4F120F7CF}.Debug|Any CPU.ActiveCfg = Debug|Any CPU
		{00962B71-5C2D-4ADE-BCB2-2DE4F120F7CF}.Debug|Any CPU.Build.0 = Debug|Any CPU
		{00962B71-5C2D-4ADE-BCB2-2DE4F120F7CF}.Release|Any CPU.ActiveCfg = Release|Any CPU
		{00962B71-5C2D-4ADE-BCB2-2DE4F120F7CF}.Release|Any CPU.Build.0 = Release|Any CPU
	EndGlobalSection
	GlobalSection(SolutionProperties) = preSolution
		HideSolutionNode = FALSE
	EndGlobalSection
	GlobalSection(ExtensibilityGlobals) = postSolution
		SolutionGuid = {7B75959C-34F9-46F5-BB00-E4527D91A18A}
	EndGlobalSection
EndGlobal
